
Microsoft Visual Studio Solution File, Format Version 12.00
# Visual Studio 14
VisualStudioVersion = 14.0.25420.1
MinimumVisualStudioVersion = 10.0.40219.1
Project("{8BC9CEB8-8B4A-11D0-8D11-00A0C91BC942}") = "UnmanagedCKMeans", "UnmanagedCKMeans\UnmanagedCKMeans.vcxproj", "{CD96453A-96A5-4592-B9EF-C9EC7082456A}"
EndProject
Project("{FAE04EC0-301F-11D3-BF4B-00C04F79EFBC}") = "ManagedCKMeans", "ManagedCKMeans\ManagedCKMeans.csproj", "{25162A9B-794E-48E3-830B-39CC1A2B87B3}"
	ProjectSection(ProjectDependencies) = postProject
		{CD96453A-96A5-4592-B9EF-C9EC7082456A} = {CD96453A-96A5-4592-B9EF-C9EC7082456A}
	EndProjectSection
EndProject
Project("{FAE04EC0-301F-11D3-BF4B-00C04F79EFBC}") = "console", "console\console.csproj", "{E9818CC8-4995-4858-8564-4C8B9BC5EF16}"
EndProject
Project("{F5034706-568F-408A-B7B3-4D38C6DB8A32}") = "powershell", "powershell\powershell.pssproj", "{6CAFC0C6-A428-4D30-A9F9-700E829FEA51}"
EndProject
Global
	GlobalSection(SolutionConfigurationPlatforms) = preSolution
		Debug|Any CPU = Debug|Any CPU
		Debug|x64 = Debug|x64
		Debug|x86 = Debug|x86
		Release|Any CPU = Release|Any CPU
		Release|x64 = Release|x64
		Release|x86 = Release|x86
	EndGlobalSection
	GlobalSection(ProjectConfigurationPlatforms) = postSolution
		{CD96453A-96A5-4592-B9EF-C9EC7082456A}.Debug|Any CPU.ActiveCfg = Debug|x64
		{CD96453A-96A5-4592-B9EF-C9EC7082456A}.Debug|Any CPU.Build.0 = Debug|x64
		{CD96453A-96A5-4592-B9EF-C9EC7082456A}.Debug|x64.ActiveCfg = Debug|x64
		{CD96453A-96A5-4592-B9EF-C9EC7082456A}.Debug|x64.Build.0 = Debug|x64
		{CD96453A-96A5-4592-B9EF-C9EC7082456A}.Debug|x86.ActiveCfg = Debug|Win32
		{CD96453A-96A5-4592-B9EF-C9EC7082456A}.Debug|x86.Build.0 = Debug|Win32
		{CD96453A-96A5-4592-B9EF-C9EC7082456A}.Release|Any CPU.ActiveCfg = Release|Win32
		{CD96453A-96A5-4592-B9EF-C9EC7082456A}.Release|x64.ActiveCfg = Release|x64
		{CD96453A-96A5-4592-B9EF-C9EC7082456A}.Release|x64.Build.0 = Release|x64
		{CD96453A-96A5-4592-B9EF-C9EC7082456A}.Release|x86.ActiveCfg = Release|Win32
		{CD96453A-96A5-4592-B9EF-C9EC7082456A}.Release|x86.Build.0 = Release|Win32
		{25162A9B-794E-48E3-830B-39CC1A2B87B3}.Debug|Any CPU.ActiveCfg = Debug|x64
		{25162A9B-794E-48E3-830B-39CC1A2B87B3}.Debug|Any CPU.Build.0 = Debug|x64
		{25162A9B-794E-48E3-830B-39CC1A2B87B3}.Debug|x64.ActiveCfg = Debug|Any CPU
		{25162A9B-794E-48E3-830B-39CC1A2B87B3}.Debug|x64.Build.0 = Debug|Any CPU
		{25162A9B-794E-48E3-830B-39CC1A2B87B3}.Debug|x86.ActiveCfg = Debug|x86
		{25162A9B-794E-48E3-830B-39CC1A2B87B3}.Debug|x86.Build.0 = Debug|x86
		{25162A9B-794E-48E3-830B-39CC1A2B87B3}.Release|Any CPU.ActiveCfg = Release|Any CPU
		{25162A9B-794E-48E3-830B-39CC1A2B87B3}.Release|Any CPU.Build.0 = Release|Any CPU
		{25162A9B-794E-48E3-830B-39CC1A2B87B3}.Release|x64.ActiveCfg = Release|Any CPU
		{25162A9B-794E-48E3-830B-39CC1A2B87B3}.Release|x64.Build.0 = Release|Any CPU
		{25162A9B-794E-48E3-830B-39CC1A2B87B3}.Release|x86.ActiveCfg = Release|Any CPU
		{25162A9B-794E-48E3-830B-39CC1A2B87B3}.Release|x86.Build.0 = Release|Any CPU
		{E9818CC8-4995-4858-8564-4C8B9BC5EF16}.Debug|Any CPU.ActiveCfg = Debug|x64
		{E9818CC8-4995-4858-8564-4C8B9BC5EF16}.Debug|Any CPU.Build.0 = Debug|x64
		{E9818CC8-4995-4858-8564-4C8B9BC5EF16}.Debug|x64.ActiveCfg = Debug|Any CPU
		{E9818CC8-4995-4858-8564-4C8B9BC5EF16}.Debug|x64.Build.0 = Debug|Any CPU
		{E9818CC8-4995-4858-8564-4C8B9BC5EF16}.Debug|x86.ActiveCfg = Debug|x86
		{E9818CC8-4995-4858-8564-4C8B9BC5EF16}.Debug|x86.Build.0 = Debug|x86
		{E9818CC8-4995-4858-8564-4C8B9BC5EF16}.Release|Any CPU.ActiveCfg = Release|Any CPU
		{E9818CC8-4995-4858-8564-4C8B9BC5EF16}.Release|Any CPU.Build.0 = Release|Any CPU
		{E9818CC8-4995-4858-8564-4C8B9BC5EF16}.Release|x64.ActiveCfg = Release|Any CPU
		{E9818CC8-4995-4858-8564-4C8B9BC5EF16}.Release|x64.Build.0 = Release|Any CPU
		{E9818CC8-4995-4858-8564-4C8B9BC5EF16}.Release|x86.ActiveCfg = Release|Any CPU
		{E9818CC8-4995-4858-8564-4C8B9BC5EF16}.Release|x86.Build.0 = Release|Any CPU
		{6CAFC0C6-A428-4D30-A9F9-700E829FEA51}.Debug|Any CPU.ActiveCfg = Debug|Any CPU
		{6CAFC0C6-A428-4D30-A9F9-700E829FEA51}.Debug|Any CPU.Build.0 = Debug|Any CPU
		{6CAFC0C6-A428-4D30-A9F9-700E829FEA51}.Debug|x64.ActiveCfg = Debug|Any CPU
		{6CAFC0C6-A428-4D30-A9F9-700E829FEA51}.Debug|x64.Build.0 = Debug|Any CPU
		{6CAFC0C6-A428-4D30-A9F9-700E829FEA51}.Debug|x86.ActiveCfg = Debug|Any CPU
		{6CAFC0C6-A428-4D30-A9F9-700E829FEA51}.Debug|x86.Build.0 = Debug|Any CPU
		{6CAFC0C6-A428-4D30-A9F9-700E829FEA51}.Release|Any CPU.ActiveCfg = Release|Any CPU
		{6CAFC0C6-A428-4D30-A9F9-700E829FEA51}.Release|Any CPU.Build.0 = Release|Any CPU
		{6CAFC0C6-A428-4D30-A9F9-700E829FEA51}.Release|x64.ActiveCfg = Release|Any CPU
		{6CAFC0C6-A428-4D30-A9F9-700E829FEA51}.Release|x64.Build.0 = Release|Any CPU
		{6CAFC0C6-A428-4D30-A9F9-700E829FEA51}.Release|x86.ActiveCfg = Release|Any CPU
		{6CAFC0C6-A428-4D30-A9F9-700E829FEA51}.Release|x86.Build.0 = Release|Any CPU
	EndGlobalSection
	GlobalSection(SolutionProperties) = preSolution
		HideSolutionNode = FALSE
	EndGlobalSection
EndGlobal
